
Microsoft Visual Studio Solution File, Format Version 12.00
# Visual Studio Version 16
VisualStudioVersion = 16.0.29519.87
MinimumVisualStudioVersion = 10.0.40219.1
Project("{8BC9CEB8-8B4A-11D0-8D11-00A0C91BC942}") = "RedEngine", "RedEngine.vcxproj", "{5000C181-7BC3-485F-A37E-CD1CF2B0931E}"
EndProject
Global
	GlobalSection(SolutionConfigurationPlatforms) = preSolution
		Debug|x64 = Debug|x64
		Debug|x86 = Debug|x86
		Release|x64 = Release|x64
		Release|x86 = Release|x86
	EndGlobalSection
	GlobalSection(ProjectConfigurationPlatforms) = postSolution
		{5000C181-7BC3-485F-A37E-CD1CF2B0931E}.Debug|x64.ActiveCfg = Debug|x64
		{5000C181-7BC3-485F-A37E-CD1CF2B0931E}.Debug|x64.Build.0 = Debug|x64
		{5000C181-7BC3-485F-A37E-CD1CF2B0931E}.Debug|x86.ActiveCfg = Debug|Win32
		{5000C181-7BC3-485F-A37E-CD1CF2B0931E}.Debug|x86.Build.0 = Debug|Win32
		{5000C181-7BC3-485F-A37E-CD1CF2B0931E}.Release|x64.ActiveCfg = Release|x64
		{5000C181-7BC3-485F-A37E-CD1CF2B0931E}.Release|x64.Build.0 = Release|x64
		{5000C181-7BC3-485F-A37E-CD1CF2B0931E}.Release|x86.ActiveCfg = Release|Win32
		{5000C181-7BC3-485F-A37E-CD1CF2B0931E}.Release|x86.Build.0 = Release|Win32
	EndGlobalSection
	GlobalSection(SolutionProperties) = preSolution
		HideSolutionNode = FALSE
	EndGlobalSection
	GlobalSection(ExtensibilityGlobals) = postSolution
		SolutionGuid = {992F57B3-9A42-4A78-9E27-80BBE98EB6EB}
	EndGlobalSection
EndGlobal
