<?xml version="1.0" encoding="utf-8"?>
<Project ToolsVersion="4.0" xmlns="http://schemas.microsoft.com/developer/msbuild/2003">
  <ItemGroup>
    <ClInclude Include="src\red_common.h" />
    <ClInclude Include="src\red_graphics.h" />
    <ClInclude Include="src\red_os.h" />
    <ClInclude Include="src\red_platform.h" />
    <ClInclude Include="src\graphics\opengl.h" />
    <ClInclude Include="src\graphics\vulkan.h" />
    <ClInclude Include="src\graphics\d3d\d3d11.h" />
    <ClInclude Include="src\graphics\d3d\d3d12.h" />
    <ClInclude Include="src\graphics\d3d\d3dcommon.h" />
    <ClInclude Include="src\os\red_linux.h" />
    <ClInclude Include="src\os\red_win32.h" />
    <ClInclude Include="src\os\linux\args.h" />
    <ClInclude Include="src\os\linux\timer.h" />
    <ClInclude Include="src\external\meshoptimizer\fast_obj.h" />
    <ClInclude Include="src\graphics\model.h" />
  </ItemGroup>
  <ItemGroup>
    <ClCompile Include="src\red_engine_linux.c" />
    <ClCompile Include="src\red_engine_win32.c" />
    <ClCompile Include="src\red_platform.c" />
    <ClCompile Include="src\os\red_win32.c" />
    <ClCompile Include="src\external\volk\volk.c" />
    <ClCompile Include="src\external\meshoptimizer\indexgenerator.h" />
  </ItemGroup>
  <ItemGroup>
    <Text Include="CMakeLists.txt" />
  </ItemGroup>
  <ItemGroup>
    <None Include=".gitignore" />
    <None Include="src\graphics\shaders\triangle.vert" />
    <None Include="src\graphics\shaders\triangle.frag" />
    <None Include="src\graphics\shaders\model.vert" />
    <None Include="src\graphics\shaders\model.frag" />
  </ItemGroup>
</Project>